
Microsoft Visual Studio Solution File, Format Version 12.00
# Visual Studio Version 16
VisualStudioVersion = 16.0.30804.86
MinimumVisualStudioVersion = 10.0.40219.1
Project("{8BC9CEB8-8B4A-11D0-8D11-00A0C91BC942}") = "1_7_1", "1_7_1\1_7_1.vcxproj", "{B20A5F39-6660-4A64-8021-698B692DAA18}"
EndProject
Global
	GlobalSection(SolutionConfigurationPlatforms) = preSolution
		Debug|x64 = Debug|x64
		Debug|x86 = Debug|x86
		Release|x64 = Release|x64
		Release|x86 = Release|x86
	EndGlobalSection
	GlobalSection(ProjectConfigurationPlatforms) = postSolution
		{B20A5F39-6660-4A64-8021-698B692DAA18}.Debug|x64.ActiveCfg = Debug|x64
		{B20A5F39-6660-4A64-8021-698B692DAA18}.Debug|x64.Build.0 = Debug|x64
		{B20A5F39-6660-4A64-8021-698B692DAA18}.Debug|x86.ActiveCfg = Debug|Win32
		{B20A5F39-6660-4A64-8021-698B692DAA18}.Debug|x86.Build.0 = Debug|Win32
		{B20A5F39-6660-4A64-8021-698B692DAA18}.Release|x64.ActiveCfg = Release|x64
		{B20A5F39-6660-4A64-8021-698B692DAA18}.Release|x64.Build.0 = Release|x64
		{B20A5F39-6660-4A64-8021-698B692DAA18}.Release|x86.ActiveCfg = Release|Win32
		{B20A5F39-6660-4A64-8021-698B692DAA18}.Release|x86.Build.0 = Release|Win32
	EndGlobalSection
	GlobalSection(SolutionProperties) = preSolution
		HideSolutionNode = FALSE
	EndGlobalSection
	GlobalSection(ExtensibilityGlobals) = postSolution
		SolutionGuid = {602D7039-011B-4859-9F76-2C8BA0122B01}
	EndGlobalSection
EndGlobal
